
Microsoft Visual Studio Solution File, Format Version 12.00
# Visual Studio 15
VisualStudioVersion = 15.0.27703.2047
MinimumVisualStudioVersion = 10.0.40219.1
Project("{FAE04EC0-301F-11D3-BF4B-00C04F79EFBC}") = "ExemploServicoWebAPI", "ExemploServicoWebAPI\ExemploServicoWebAPI.csproj", "{83C37C5A-DFE1-4925-9D4F-A43C4EF3AEF1}"
EndProject
Project("{FAE04EC0-301F-11D3-BF4B-00C04F79EFBC}") = "ClientREST", "ClientREST\ClientREST.csproj", "{24C80AF6-1696-4BDF-A8DC-308C68B945D6}"
EndProject
Global
	GlobalSection(SolutionConfigurationPlatforms) = preSolution
		Debug|Any CPU = Debug|Any CPU
		Release|Any CPU = Release|Any CPU
	EndGlobalSection
	GlobalSection(ProjectConfigurationPlatforms) = postSolution
		{83C37C5A-DFE1-4925-9D4F-A43C4EF3AEF1}.Debug|Any CPU.ActiveCfg = Debug|Any CPU
		{83C37C5A-DFE1-4925-9D4F-A43C4EF3AEF1}.Debug|Any CPU.Build.0 = Debug|Any CPU
		{83C37C5A-DFE1-4925-9D4F-A43C4EF3AEF1}.Release|Any CPU.ActiveCfg = Release|Any CPU
		{83C37C5A-DFE1-4925-9D4F-A43C4EF3AEF1}.Release|Any CPU.Build.0 = Release|Any CPU
		{24C80AF6-1696-4BDF-A8DC-308C68B945D6}.Debug|Any CPU.ActiveCfg = Debug|Any CPU
		{24C80AF6-1696-4BDF-A8DC-308C68B945D6}.Debug|Any CPU.Build.0 = Debug|Any CPU
		{24C80AF6-1696-4BDF-A8DC-308C68B945D6}.Release|Any CPU.ActiveCfg = Release|Any CPU
		{24C80AF6-1696-4BDF-A8DC-308C68B945D6}.Release|Any CPU.Build.0 = Release|Any CPU
	EndGlobalSection
	GlobalSection(SolutionProperties) = preSolution
		HideSolutionNode = FALSE
	EndGlobalSection
	GlobalSection(ExtensibilityGlobals) = postSolution
		SolutionGuid = {498936A8-E9BF-4F5D-87EA-E0A4754655D3}
	EndGlobalSection
EndGlobal
