
Microsoft Visual Studio Solution File, Format Version 12.00
# Visual Studio 15
VisualStudioVersion = 15.0.27703.2047
MinimumVisualStudioVersion = 10.0.40219.1
Project("{9A19103F-16F7-4668-BE54-9A1E7A4F7556}") = "Teste_ASP.NET.Models", "Teste_ASP.NET.Models\Teste_ASP.NET.Models.csproj", "{0B352E4F-460F-4C1F-95EB-34C51B581A2F}"
EndProject
Project("{FAE04EC0-301F-11D3-BF4B-00C04F79EFBC}") = "Teste_ASP.NET.UI", "Teste_ASP.NET.UI\Teste_ASP.NET.UI.csproj", "{275A748B-8E16-4D7B-B441-AA50F7B304C0}"
EndProject
Project("{FAE04EC0-301F-11D3-BF4B-00C04F79EFBC}") = "Teste_ASP.NET.DAL", "Teste_ASP.NET.DAL\Teste_ASP.NET.DAL.csproj", "{7C00522C-2667-48A9-9377-415275D84CAD}"
EndProject
Global
	GlobalSection(SolutionConfigurationPlatforms) = preSolution
		Debug|Any CPU = Debug|Any CPU
		Release|Any CPU = Release|Any CPU
	EndGlobalSection
	GlobalSection(ProjectConfigurationPlatforms) = postSolution
		{0B352E4F-460F-4C1F-95EB-34C51B581A2F}.Debug|Any CPU.ActiveCfg = Debug|Any CPU
		{0B352E4F-460F-4C1F-95EB-34C51B581A2F}.Debug|Any CPU.Build.0 = Debug|Any CPU
		{0B352E4F-460F-4C1F-95EB-34C51B581A2F}.Release|Any CPU.ActiveCfg = Release|Any CPU
		{0B352E4F-460F-4C1F-95EB-34C51B581A2F}.Release|Any CPU.Build.0 = Release|Any CPU
		{275A748B-8E16-4D7B-B441-AA50F7B304C0}.Debug|Any CPU.ActiveCfg = Debug|Any CPU
		{275A748B-8E16-4D7B-B441-AA50F7B304C0}.Debug|Any CPU.Build.0 = Debug|Any CPU
		{275A748B-8E16-4D7B-B441-AA50F7B304C0}.Release|Any CPU.ActiveCfg = Release|Any CPU
		{275A748B-8E16-4D7B-B441-AA50F7B304C0}.Release|Any CPU.Build.0 = Release|Any CPU
		{7C00522C-2667-48A9-9377-415275D84CAD}.Debug|Any CPU.ActiveCfg = Debug|Any CPU
		{7C00522C-2667-48A9-9377-415275D84CAD}.Debug|Any CPU.Build.0 = Debug|Any CPU
		{7C00522C-2667-48A9-9377-415275D84CAD}.Release|Any CPU.ActiveCfg = Release|Any CPU
		{7C00522C-2667-48A9-9377-415275D84CAD}.Release|Any CPU.Build.0 = Release|Any CPU
	EndGlobalSection
	GlobalSection(SolutionProperties) = preSolution
		HideSolutionNode = FALSE
	EndGlobalSection
	GlobalSection(ExtensibilityGlobals) = postSolution
		SolutionGuid = {34337D25-BDC7-45F1-A228-25174B776E71}
	EndGlobalSection
EndGlobal
